
Microsoft Visual Studio Solution File, Format Version 12.00
# Visual Studio Version 16
VisualStudioVersion = 16.0.28711.60
MinimumVisualStudioVersion = 10.0.40219.1
Project("{FAE04EC0-301F-11D3-BF4B-00C04F79EFBC}") = "ConsoleAppTagAnnotate", "ConsoleAppTagAnnotate\ConsoleAppTagAnnotate.csproj", "{08772C92-3B5A-4A3E-8B82-F3A7B03ED276}"
EndProject
Global
	GlobalSection(SolutionConfigurationPlatforms) = preSolution
		Debug|Any CPU = Debug|Any CPU
		Release|Any CPU = Release|Any CPU
	EndGlobalSection
	GlobalSection(ProjectConfigurationPlatforms) = postSolution
		{08772C92-3B5A-4A3E-8B82-F3A7B03ED276}.Debug|Any CPU.ActiveCfg = Debug|Any CPU
		{08772C92-3B5A-4A3E-8B82-F3A7B03ED276}.Debug|Any CPU.Build.0 = Debug|Any CPU
		{08772C92-3B5A-4A3E-8B82-F3A7B03ED276}.Release|Any CPU.ActiveCfg = Release|Any CPU
		{08772C92-3B5A-4A3E-8B82-F3A7B03ED276}.Release|Any CPU.Build.0 = Release|Any CPU
	EndGlobalSection
	GlobalSection(SolutionProperties) = preSolution
		HideSolutionNode = FALSE
	EndGlobalSection
	GlobalSection(ExtensibilityGlobals) = postSolution
		SolutionGuid = {123CA629-F89D-48ED-BD59-D17B7599BAFD}
	EndGlobalSection
EndGlobal
